// !$*UTF8*$!
{
	archiveVersion = 1;
	classes = {
	};
	objectVersion = 56;
	objects = {

/* Begin PBXBuildFile section */
		157897482AEF1D3B00E4CE3D /* FavoriteMusicVC.swift in Sources */ = {isa = PBXBuildFile; fileRef = 157897472AEF1D3B00E4CE3D /* FavoriteMusicVC.swift */; };
		1592846D2AEF19B70068A7CD /* MusicModel.swift in Sources */ = {isa = PBXBuildFile; fileRef = 1592846C2AEF19B70068A7CD /* MusicModel.swift */; };
		1592846F2AEF19FE0068A7CD /* AddNewItemToListViewController.swift in Sources */ = {isa = PBXBuildFile; fileRef = 1592846E2AEF19FE0068A7CD /* AddNewItemToListViewController.swift */; };
		159284712AEF1A250068A7CD /* MusicsTableViewCell.swift in Sources */ = {isa = PBXBuildFile; fileRef = 159284702AEF1A250068A7CD /* MusicsTableViewCell.swift */; };
		15A37B212AEE86C900BB13F2 /* AppDelegate.swift in Sources */ = {isa = PBXBuildFile; fileRef = 15A37B202AEE86C900BB13F2 /* AppDelegate.swift */; };
		15A37B232AEE86C900BB13F2 /* SceneDelegate.swift in Sources */ = {isa = PBXBuildFile; fileRef = 15A37B222AEE86C900BB13F2 /* SceneDelegate.swift */; };
		15A37B252AEE86C900BB13F2 /* ViewController.swift in Sources */ = {isa = PBXBuildFile; fileRef = 15A37B242AEE86C900BB13F2 /* ViewController.swift */; };
		15A37B2A2AEE86CC00BB13F2 /* Assets.xcassets in Resources */ = {isa = PBXBuildFile; fileRef = 15A37B292AEE86CC00BB13F2 /* Assets.xcassets */; };
		15A37B2D2AEE86CC00BB13F2 /* LaunchScreen.storyboard in Resources */ = {isa = PBXBuildFile; fileRef = 15A37B2B2AEE86CC00BB13F2 /* LaunchScreen.storyboard */; };
/* End PBXBuildFile section */

/* Begin PBXFileReference section */
		157897472AEF1D3B00E4CE3D /* FavoriteMusicVC.swift */ = {isa = PBXFileReference; lastKnownFileType = sourcecode.swift; path = FavoriteMusicVC.swift; sourceTree = "<group>"; };
		1592846C2AEF19B70068A7CD /* MusicModel.swift */ = {isa = PBXFileReference; lastKnownFileType = sourcecode.swift; path = MusicModel.swift; sourceTree = "<group>"; };
		1592846E2AEF19FE0068A7CD /* AddNewItemToListViewController.swift */ = {isa = PBXFileReference; lastKnownFileType = sourcecode.swift; path = AddNewItemToListViewController.swift; sourceTree = "<group>"; };
		159284702AEF1A250068A7CD /* MusicsTableViewCell.swift */ = {isa = PBXFileReference; lastKnownFileType = sourcecode.swift; path = MusicsTableViewCell.swift; sourceTree = "<group>"; };
		15A37B1D2AEE86C900BB13F2 /* FavoritesApp.app */ = {isa = PBXFileReference; explicitFileType = wrapper.application; includeInIndex = 0; path = FavoritesApp.app; sourceTree = BUILT_PRODUCTS_DIR; };
		15A37B202AEE86C900BB13F2 /* AppDelegate.swift */ = {isa = PBXFileReference; lastKnownFileType = sourcecode.swift; path = AppDelegate.swift; sourceTree = "<group>"; };
		15A37B222AEE86C900BB13F2 /* SceneDelegate.swift */ = {isa = PBXFileReference; lastKnownFileType = sourcecode.swift; path = SceneDelegate.swift; sourceTree = "<group>"; };
		15A37B242AEE86C900BB13F2 /* ViewController.swift */ = {isa = PBXFileReference; lastKnownFileType = sourcecode.swift; path = ViewController.swift; sourceTree = "<group>"; };
		15A37B292AEE86CC00BB13F2 /* Assets.xcassets */ = {isa = PBXFileReference; lastKnownFileType = folder.assetcatalog; path = Assets.xcassets; sourceTree = "<group>"; };
		15A37B2C2AEE86CC00BB13F2 /* Base */ = {isa = PBXFileReference; lastKnownFileType = file.storyboard; name = Base; path = Base.lproj/LaunchScreen.storyboard; sourceTree = "<group>"; };
		15A37B2E2AEE86CC00BB13F2 /* Info.plist */ = {isa = PBXFileReference; lastKnownFileType = text.plist.xml; path = Info.plist; sourceTree = "<group>"; };
/* End PBXFileReference section */

/* Begin PBXFrameworksBuildPhase section */
		15A37B1A2AEE86C900BB13F2 /* Frameworks */ = {
			isa = PBXFrameworksBuildPhase;
			buildActionMask = 2147483647;
			files = (
			);
			runOnlyForDeploymentPostprocessing = 0;
		};
/* End PBXFrameworksBuildPhase section */

/* Begin PBXGroup section */
		157897462AEF1CFB00E4CE3D /* FavoriteMusicVC */ = {
			isa = PBXGroup;
			children = (
				157897472AEF1D3B00E4CE3D /* FavoriteMusicVC.swift */,
			);
			path = FavoriteMusicVC;
			sourceTree = "<group>";
		};
		159284672AEF19130068A7CD /* App */ = {
			isa = PBXGroup;
			children = (
				15A37B202AEE86C900BB13F2 /* AppDelegate.swift */,
				15A37B222AEE86C900BB13F2 /* SceneDelegate.swift */,
			);
			path = App;
			sourceTree = "<group>";
		};
		159284682AEF19210068A7CD /* Scenes */ = {
			isa = PBXGroup;
			children = (
				15A37B242AEE86C900BB13F2 /* ViewController.swift */,
				1592846E2AEF19FE0068A7CD /* AddNewItemToListViewController.swift */,
				159284692AEF193D0068A7CD /* Cell */,
				157897462AEF1CFB00E4CE3D /* FavoriteMusicVC */,
			);
			path = Scenes;
			sourceTree = "<group>";
		};
		159284692AEF193D0068A7CD /* Cell */ = {
			isa = PBXGroup;
			children = (
				159284702AEF1A250068A7CD /* MusicsTableViewCell.swift */,
			);
			path = Cell;
			sourceTree = "<group>";
		};
		1592846A2AEF194A0068A7CD /* Resources */ = {
			isa = PBXGroup;
			children = (
				15A37B292AEE86CC00BB13F2 /* Assets.xcassets */,
				15A37B2B2AEE86CC00BB13F2 /* LaunchScreen.storyboard */,
			);
			path = Resources;
			sourceTree = "<group>";
		};
		1592846B2AEF199D0068A7CD /* Playlist */ = {
			isa = PBXGroup;
			children = (
				1592846C2AEF19B70068A7CD /* MusicModel.swift */,
			);
			path = Playlist;
			sourceTree = "<group>";
		};
		15A37B142AEE86C900BB13F2 = {
			isa = PBXGroup;
			children = (
				15A37B1F2AEE86C900BB13F2 /* FavoritesApp */,
				15A37B1E2AEE86C900BB13F2 /* Products */,
			);
			sourceTree = "<group>";
		};
		15A37B1E2AEE86C900BB13F2 /* Products */ = {
			isa = PBXGroup;
			children = (
				15A37B1D2AEE86C900BB13F2 /* FavoritesApp.app */,
			);
			name = Products;
			sourceTree = "<group>";
		};
		15A37B1F2AEE86C900BB13F2 /* FavoritesApp */ = {
			isa = PBXGroup;
			children = (
				159284672AEF19130068A7CD /* App */,
				1592846B2AEF199D0068A7CD /* Playlist */,
				159284682AEF19210068A7CD /* Scenes */,
				1592846A2AEF194A0068A7CD /* Resources */,
				15A37B2E2AEE86CC00BB13F2 /* Info.plist */,
			);
			path = FavoritesApp;
			sourceTree = "<group>";
		};
/* End PBXGroup section */

/* Begin PBXNativeTarget section */
		15A37B1C2AEE86C900BB13F2 /* FavoritesApp */ = {
			isa = PBXNativeTarget;
			buildConfigurationList = 15A37B312AEE86CC00BB13F2 /* Build configuration list for PBXNativeTarget "FavoritesApp" */;
			buildPhases = (
				15A37B192AEE86C900BB13F2 /* Sources */,
				15A37B1A2AEE86C900BB13F2 /* Frameworks */,
				15A37B1B2AEE86C900BB13F2 /* Resources */,
			);
			buildRules = (
			);
			dependencies = (
			);
			name = FavoritesApp;
			productName = FavoritesApp;
			productReference = 15A37B1D2AEE86C900BB13F2 /* FavoritesApp.app */;
			productType = "com.apple.product-type.application";
		};
/* End PBXNativeTarget section */

/* Begin PBXProject section */
		15A37B152AEE86C900BB13F2 /* Project object */ = {
			isa = PBXProject;
			attributes = {
				BuildIndependentTargetsInParallel = 1;
				LastSwiftUpdateCheck = 1500;
				LastUpgradeCheck = 1500;
				TargetAttributes = {
					15A37B1C2AEE86C900BB13F2 = {
						CreatedOnToolsVersion = 15.0.1;
					};
				};
			};
			buildConfigurationList = 15A37B182AEE86C900BB13F2 /* Build configuration list for PBXProject "FavoritesApp" */;
			compatibilityVersion = "Xcode 14.0";
			developmentRegion = en;
			hasScannedForEncodings = 0;
			knownRegions = (
				en,
				Base,
			);
			mainGroup = 15A37B142AEE86C900BB13F2;
			productRefGroup = 15A37B1E2AEE86C900BB13F2 /* Products */;
			projectDirPath = "";
			projectRoot = "";
			targets = (
				15A37B1C2AEE86C900BB13F2 /* FavoritesApp */,
			);
		};
/* End PBXProject section */

/* Begin PBXResourcesBuildPhase section */
		15A37B1B2AEE86C900BB13F2 /* Resources */ = {
			isa = PBXResourcesBuildPhase;
			buildActionMask = 2147483647;
			files = (
				15A37B2D2AEE86CC00BB13F2 /* LaunchScreen.storyboard in Resources */,
				15A37B2A2AEE86CC00BB13F2 /* Assets.xcassets in Resources */,
			);
			runOnlyForDeploymentPostprocessing = 0;
		};
/* End PBXResourcesBuildPhase section */

/* Begin PBXSourcesBuildPhase section */
		15A37B192AEE86C900BB13F2 /* Sources */ = {
			isa = PBXSourcesBuildPhase;
			buildActionMask = 2147483647;
			files = (
				15A37B252AEE86C900BB13F2 /* ViewController.swift in Sources */,
				159284712AEF1A250068A7CD /* MusicsTableViewCell.swift in Sources */,
				1592846F2AEF19FE0068A7CD /* AddNewItemToListViewController.swift in Sources */,
				1592846D2AEF19B70068A7CD /* MusicModel.swift in Sources */,
				15A37B212AEE86C900BB13F2 /* AppDelegate.swift in Sources */,
				157897482AEF1D3B00E4CE3D /* FavoriteMusicVC.swift in Sources */,
				15A37B232AEE86C900BB13F2 /* SceneDelegate.swift in Sources */,
			);
			runOnlyForDeploymentPostprocessing = 0;
		};
/* End PBXSourcesBuildPhase section */

/* Begin PBXVariantGroup section */
		15A37B2B2AEE86CC00BB13F2 /* LaunchScreen.storyboard */ = {
			isa = PBXVariantGroup;
			children = (
				15A37B2C2AEE86CC00BB13F2 /* Base */,
			);
			name = LaunchScreen.storyboard;
			sourceTree = "<group>";
		};
/* End PBXVariantGroup section */

/* Begin XCBuildConfiguration section */
		15A37B2F2AEE86CC00BB13F2 /* Debug */ = {
			isa = XCBuildConfiguration;
			buildSettings = {
				ALWAYS_SEARCH_USER_PATHS = NO;
				ASSETCATALOG_COMPILER_GENERATE_SWIFT_ASSET_SYMBOL_EXTENSIONS = YES;
				CLANG_ANALYZER_NONNULL = YES;
				CLANG_ANALYZER_NUMBER_OBJECT_CONVERSION = YES_AGGRESSIVE;
				CLANG_CXX_LANGUAGE_STANDARD = "gnu++20";
				CLANG_ENABLE_MODULES = YES;
				CLANG_ENABLE_OBJC_ARC = YES;
				CLANG_ENABLE_OBJC_WEAK = YES;
				CLANG_WARN_BLOCK_CAPTURE_AUTORELEASING = YES;
				CLANG_WARN_BOOL_CONVERSION = YES;
				CLANG_WARN_COMMA = YES;
				CLANG_WARN_CONSTANT_CONVERSION = YES;
				CLANG_WARN_DEPRECATED_OBJC_IMPLEMENTATIONS = YES;
				CLANG_WARN_DIRECT_OBJC_ISA_USAGE = YES_ERROR;
				CLANG_WARN_DOCUMENTATION_COMMENTS = YES;
				CLANG_WARN_EMPTY_BODY = YES;
				CLANG_WARN_ENUM_CONVERSION = YES;
				CLANG_WARN_INFINITE_RECURSION = YES;
				CLANG_WARN_INT_CONVERSION = YES;
				CLANG_WARN_NON_LITERAL_NULL_CONVERSION = YES;
				CLANG_WARN_OBJC_IMPLICIT_RETAIN_SELF = YES;
				CLANG_WARN_OBJC_LITERAL_CONVERSION = YES;
				CLANG_WARN_OBJC_ROOT_CLASS = YES_ERROR;
				CLANG_WARN_QUOTED_INCLUDE_IN_FRAMEWORK_HEADER = YES;
				CLANG_WARN_RANGE_LOOP_ANALYSIS = YES;
				CLANG_WARN_STRICT_PROTOTYPES = YES;
				CLANG_WARN_SUSPICIOUS_MOVE = YES;
				CLANG_WARN_UNGUARDED_AVAILABILITY = YES_AGGRESSIVE;
				CLANG_WARN_UNREACHABLE_CODE = YES;
				CLANG_WARN__DUPLICATE_METHOD_MATCH = YES;
				COPY_PHASE_STRIP = NO;
				DEBUG_INFORMATION_FORMAT = dwarf;
				ENABLE_STRICT_OBJC_MSGSEND = YES;
				ENABLE_TESTABILITY = YES;
				ENABLE_USER_SCRIPT_SANDBOXING = YES;
				GCC_C_LANGUAGE_STANDARD = gnu17;
				GCC_DYNAMIC_NO_PIC = NO;
				GCC_NO_COMMON_BLOCKS = YES;
				GCC_OPTIMIZATION_LEVEL = 0;
				GCC_PREPROCESSOR_DEFINITIONS = (
					"DEBUG=1",
					"$(inherited)",
				);
				GCC_WARN_64_TO_32_BIT_CONVERSION = YES;
				GCC_WARN_ABOUT_RETURN_TYPE = YES_ERROR;
				GCC_WARN_UNDECLARED_SELECTOR = YES;
				GCC_WARN_UNINITIALIZED_AUTOS = YES_AGGRESSIVE;
				GCC_WARN_UNUSED_FUNCTION = YES;
				GCC_WARN_UNUSED_VARIABLE = YES;
				IPHONEOS_DEPLOYMENT_TARGET = 17.0;
				LOCALIZATION_PREFERS_STRING_CATALOGS = YES;
				MTL_ENABLE_DEBUG_INFO = INCLUDE_SOURCE;
				MTL_FAST_MATH = YES;
				ONLY_ACTIVE_ARCH = YES;
				SDKROOT = iphoneos;
				SWIFT_ACTIVE_COMPILATION_CONDITIONS = "DEBUG $(inherited)";
				SWIFT_OPTIMIZATION_LEVEL = "-Onone";
			};
			name = Debug;
		};
		15A37B302AEE86CC00BB13F2 /* Release */ = {
			isa = XCBuildConfiguration;
			buildSettings = {
				ALWAYS_SEARCH_USER_PATHS = NO;
				ASSETCATALOG_COMPILER_GENERATE_SWIFT_ASSET_SYMBOL_EXTENSIONS = YES;
				CLANG_ANALYZER_NONNULL = YES;
				CLANG_ANALYZER_NUMBER_OBJECT_CONVERSION = YES_AGGRESSIVE;
				CLANG_CXX_LANGUAGE_STANDARD = "gnu++20";
				CLANG_ENABLE_MODULES = YES;
				CLANG_ENABLE_OBJC_ARC = YES;
				CLANG_ENABLE_OBJC_WEAK = YES;
				CLANG_WARN_BLOCK_CAPTURE_AUTORELEASING = YES;
				CLANG_WARN_BOOL_CONVERSION = YES;
				CLANG_WARN_COMMA = YES;
				CLANG_WARN_CONSTANT_CONVERSION = YES;
				CLANG_WARN_DEPRECATED_OBJC_IMPLEMENTATIONS = YES;
				CLANG_WARN_DIRECT_OBJC_ISA_USAGE = YES_ERROR;
				CLANG_WARN_DOCUMENTATION_COMMENTS = YES;
				CLANG_WARN_EMPTY_BODY = YES;
				CLANG_WARN_ENUM_CONVERSION = YES;
				CLANG_WARN_INFINITE_RECURSION = YES;
				CLANG_WARN_INT_CONVERSION = YES;
				CLANG_WARN_NON_LITERAL_NULL_CONVERSION = YES;
				CLANG_WARN_OBJC_IMPLICIT_RETAIN_SELF = YES;
				CLANG_WARN_OBJC_LITERAL_CONVERSION = YES;
				CLANG_WARN_OBJC_ROOT_CLASS = YES_ERROR;
				CLANG_WARN_QUOTED_INCLUDE_IN_FRAMEWORK_HEADER = YES;
				CLANG_WARN_RANGE_LOOP_ANALYSIS = YES;
				CLANG_WARN_STRICT_PROTOTYPES = YES;
				CLANG_WARN_SUSPICIOUS_MOVE = YES;
				CLANG_WARN_UNGUARDED_AVAILABILITY = YES_AGGRESSIVE;
				CLANG_WARN_UNREACHABLE_CODE = YES;
				CLANG_WARN__DUPLICATE_METHOD_MATCH = YES;
				COPY_PHASE_STRIP = NO;
				DEBUG_INFORMATION_FORMAT = "dwarf-with-dsym";
				ENABLE_NS_ASSERTIONS = NO;
				ENABLE_STRICT_OBJC_MSGSEND = YES;
				ENABLE_USER_SCRIPT_SANDBOXING = YES;
				GCC_C_LANGUAGE_STANDARD = gnu17;
				GCC_NO_COMMON_BLOCKS = YES;
				GCC_WARN_64_TO_32_BIT_CONVERSION = YES;
				GCC_WARN_ABOUT_RETURN_TYPE = YES_ERROR;
				GCC_WARN_UNDECLARED_SELECTOR = YES;
				GCC_WARN_UNINITIALIZED_AUTOS = YES_AGGRESSIVE;
				GCC_WARN_UNUSED_FUNCTION = YES;
				GCC_WARN_UNUSED_VARIABLE = YES;
				IPHONEOS_DEPLOYMENT_TARGET = 17.0;
				LOCALIZATION_PREFERS_STRING_CATALOGS = YES;
				MTL_ENABLE_DEBUG_INFO = NO;
				MTL_FAST_MATH = YES;
				SDKROOT = iphoneos;
				SWIFT_COMPILATION_MODE = wholemodule;
				VALIDATE_PRODUCT = YES;
			};
			name = Release;
		};
		15A37B322AEE86CC00BB13F2 /* Debug */ = {
			isa = XCBuildConfiguration;
			buildSettings = {
				ASSETCATALOG_COMPILER_APPICON_NAME = AppIcon;
				ASSETCATALOG_COMPILER_GLOBAL_ACCENT_COLOR_NAME = AccentColor;
				CODE_SIGN_STYLE = Automatic;
				CURRENT_PROJECT_VERSION = 1;
				DEVELOPMENT_TEAM = 4XJZ54JKFA;
				GENERATE_INFOPLIST_FILE = YES;
				INFOPLIST_FILE = FavoritesApp/Info.plist;
				INFOPLIST_KEY_UIApplicationSupportsIndirectInputEvents = YES;
				INFOPLIST_KEY_UILaunchStoryboardName = LaunchScreen;
				INFOPLIST_KEY_UISupportedInterfaceOrientations_iPad = "UIInterfaceOrientationPortrait UIInterfaceOrientationPortraitUpsideDown UIInterfaceOrientationLandscapeLeft UIInterfaceOrientationLandscapeRight";
				INFOPLIST_KEY_UISupportedInterfaceOrientations_iPhone = "UIInterfaceOrientationPortrait UIInterfaceOrientationLandscapeLeft UIInterfaceOrientationLandscapeRight";
				LD_RUNPATH_SEARCH_PATHS = (
					"$(inherited)",
					"@executable_path/Frameworks",
				);
				MARKETING_VERSION = 1.0;
				PRODUCT_BUNDLE_IDENTIFIER = SB.FavoritesApp;
				PRODUCT_NAME = "$(TARGET_NAME)";
				SWIFT_EMIT_LOC_STRINGS = YES;
				SWIFT_VERSION = 5.0;
				TARGETED_DEVICE_FAMILY = "1,2";
			};
			name = Debug;
		};
		15A37B332AEE86CC00BB13F2 /* Release */ = {
			isa = XCBuildConfiguration;
			buildSettings = {
				ASSETCATALOG_COMPILER_APPICON_NAME = AppIcon;
				ASSETCATALOG_COMPILER_GLOBAL_ACCENT_COLOR_NAME = AccentColor;
				CODE_SIGN_STYLE = Automatic;
				CURRENT_PROJECT_VERSION = 1;
				DEVELOPMENT_TEAM = 4XJZ54JKFA;
				GENERATE_INFOPLIST_FILE = YES;
				INFOPLIST_FILE = FavoritesApp/Info.plist;
				INFOPLIST_KEY_UIApplicationSupportsIndirectInputEvents = YES;
				INFOPLIST_KEY_UILaunchStoryboardName = LaunchScreen;
				INFOPLIST_KEY_UISupportedInterfaceOrientations_iPad = "UIInterfaceOrientationPortrait UIInterfaceOrientationPortraitUpsideDown UIInterfaceOrientationLandscapeLeft UIInterfaceOrientationLandscapeRight";
				INFOPLIST_KEY_UISupportedInterfaceOrientations_iPhone = "UIInterfaceOrientationPortrait UIInterfaceOrientationLandscapeLeft UIInterfaceOrientationLandscapeRight";
				LD_RUNPATH_SEARCH_PATHS = (
					"$(inherited)",
					"@executable_path/Frameworks",
				);
				MARKETING_VERSION = 1.0;
				PRODUCT_BUNDLE_IDENTIFIER = SB.FavoritesApp;
				PRODUCT_NAME = "$(TARGET_NAME)";
				SWIFT_EMIT_LOC_STRINGS = YES;
				SWIFT_VERSION = 5.0;
				TARGETED_DEVICE_FAMILY = "1,2";
			};
			name = Release;
		};
/* End XCBuildConfiguration section */

/* Begin XCConfigurationList section */
		15A37B182AEE86C900BB13F2 /* Build configuration list for PBXProject "FavoritesApp" */ = {
			isa = XCConfigurationList;
			buildConfigurations = (
				15A37B2F2AEE86CC00BB13F2 /* Debug */,
				15A37B302AEE86CC00BB13F2 /* Release */,
			);
			defaultConfigurationIsVisible = 0;
			defaultConfigurationName = Release;
		};
		15A37B312AEE86CC00BB13F2 /* Build configuration list for PBXNativeTarget "FavoritesApp" */ = {
			isa = XCConfigurationList;
			buildConfigurations = (
				15A37B322AEE86CC00BB13F2 /* Debug */,
				15A37B332AEE86CC00BB13F2 /* Release */,
			);
			defaultConfigurationIsVisible = 0;
			defaultConfigurationName = Release;
		};
/* End XCConfigurationList section */
	};
	rootObject = 15A37B152AEE86C900BB13F2 /* Project object */;
}
